
Microsoft Visual Studio Solution File, Format Version 12.00
# Visual Studio Version 17
VisualStudioVersion = 17.0.31903.59
MinimumVisualStudioVersion = 10.0.40219.1
Project("{FAE04EC0-301F-11D3-BF4B-00C04F79EFBC}") = "MajorityElement", "MajorityElement\MajorityElement.csproj", "{46DC4DA2-CEE4-4476-B88B-FBB3FDB0B535}"
EndProject
Project("{FAE04EC0-301F-11D3-BF4B-00C04F79EFBC}") = "MajorityElement.Tests", "MajorityElement.Tests\MajorityElement.Tests.csproj", "{ADAF1319-F611-4E87-9ED3-B46C7383247F}"
EndProject
Global
	GlobalSection(SolutionConfigurationPlatforms) = preSolution
		Debug|Any CPU = Debug|Any CPU
		Release|Any CPU = Release|Any CPU
	EndGlobalSection
	GlobalSection(SolutionProperties) = preSolution
		HideSolutionNode = FALSE
	EndGlobalSection
	GlobalSection(ProjectConfigurationPlatforms) = postSolution
		{46DC4DA2-CEE4-4476-B88B-FBB3FDB0B535}.Debug|Any CPU.ActiveCfg = Debug|Any CPU
		{46DC4DA2-CEE4-4476-B88B-FBB3FDB0B535}.Debug|Any CPU.Build.0 = Debug|Any CPU
		{46DC4DA2-CEE4-4476-B88B-FBB3FDB0B535}.Release|Any CPU.ActiveCfg = Release|Any CPU
		{46DC4DA2-CEE4-4476-B88B-FBB3FDB0B535}.Release|Any CPU.Build.0 = Release|Any CPU
		{ADAF1319-F611-4E87-9ED3-B46C7383247F}.Debug|Any CPU.ActiveCfg = Debug|Any CPU
		{ADAF1319-F611-4E87-9ED3-B46C7383247F}.Debug|Any CPU.Build.0 = Debug|Any CPU
		{ADAF1319-F611-4E87-9ED3-B46C7383247F}.Release|Any CPU.ActiveCfg = Release|Any CPU
		{ADAF1319-F611-4E87-9ED3-B46C7383247F}.Release|Any CPU.Build.0 = Release|Any CPU
	EndGlobalSection
EndGlobal
